
Microsoft Visual Studio Solution File, Format Version 12.00
Project("{FAE04EC0-301F-11D3-BF4B-00C04F79EFBC}") = "AnitomySharp", "AnitomySharp\AnitomySharp.csproj", "{A96DD3B9-39CA-4A3F-92DF-FB41E8A00008}"
EndProject
Project("{FAE04EC0-301F-11D3-BF4B-00C04F79EFBC}") = "AnitomySharpTests", "AnitomySharpTests\AnitomySharpTests.csproj", "{2CC41D19-55B4-4C98-9FCC-0C2BE10A0EE6}"
EndProject
Global
	GlobalSection(SolutionConfigurationPlatforms) = preSolution
		Debug|Any CPU = Debug|Any CPU
		Release|Any CPU = Release|Any CPU
	EndGlobalSection
	GlobalSection(ProjectConfigurationPlatforms) = postSolution
		{A96DD3B9-39CA-4A3F-92DF-FB41E8A00008}.Debug|Any CPU.ActiveCfg = Debug|Any CPU
		{A96DD3B9-39CA-4A3F-92DF-FB41E8A00008}.Debug|Any CPU.Build.0 = Debug|Any CPU
		{A96DD3B9-39CA-4A3F-92DF-FB41E8A00008}.Release|Any CPU.ActiveCfg = Release|Any CPU
		{A96DD3B9-39CA-4A3F-92DF-FB41E8A00008}.Release|Any CPU.Build.0 = Release|Any CPU
		{2CC41D19-55B4-4C98-9FCC-0C2BE10A0EE6}.Debug|Any CPU.ActiveCfg = Debug|Any CPU
		{2CC41D19-55B4-4C98-9FCC-0C2BE10A0EE6}.Debug|Any CPU.Build.0 = Debug|Any CPU
		{2CC41D19-55B4-4C98-9FCC-0C2BE10A0EE6}.Release|Any CPU.ActiveCfg = Release|Any CPU
		{2CC41D19-55B4-4C98-9FCC-0C2BE10A0EE6}.Release|Any CPU.Build.0 = Release|Any CPU
	EndGlobalSection
EndGlobal
